# This file is autogenerated, do not edit; changes may be undone by the next 'dep ensure'.


[[projects]]
  name = "github.com/jinzhu/gorm"
  packages = [
    ".",
    "dialects/postgres"
  ]
  revision = "6ed508ec6a4ecb3531899a69cbc746ccf65a4166"
  version = "v1.9.1"

[[projects]]
  branch = "master"
  name = "github.com/jinzhu/inflection"
  packages = ["."]
  revision = "04140366298a54a039076d798123ffa108fff46c"

[[projects]]
  branch = "master"
  name = "github.com/lib/pq"
  packages = [
    ".",
    "hstore",
    "oid"
  ]
  revision = "90697d60dd844d5ef6ff15135d0203f65d2f53b8"

[solve-meta]
  analyzer-name = "dep"
  analyzer-version = 1
  inputs-digest = "c441623732b7d5665ad6334e19538054a50261702e8a64f93cb8185e6044c6d1"
  solver-name = "gps-cdcl"
  solver-version = 1
