# This file is autogenerated, do not edit; changes may be undone by the next 'dep ensure'.


[[projects]]
  name = "github.com/Sirupsen/logrus"
  packages = ["."]
  revision = "c155da19408a8799da419ed3eeb0cb5db0ad5dbc"
  version = "v1.0.5"

[[projects]]
  name = "github.com/gorilla/context"
  packages = ["."]
  revision = "08b5f424b9271eedf6f9f0ce86cb9396ed337a42"
  version = "v1.1.1"

[[projects]]
  name = "github.com/gorilla/mux"
  packages = ["."]
  revision = "e3702bed27f0d39777b0b37b664b6280e8ef8fbf"
  version = "v1.6.2"

[[projects]]
  name = "github.com/gosimple/slug"
  packages = ["."]
  revision = "e9f42fa127660e552d0ad2b589868d403a9be7c6"
  version = "v1.1.1"

[[projects]]
  name = "github.com/jinzhu/gorm"
  packages = [
    ".",
    "dialects/postgres"
  ]
  revision = "6ed508ec6a4ecb3531899a69cbc746ccf65a4166"
  version = "v1.9.1"

[[projects]]
  branch = "master"
  name = "github.com/jinzhu/inflection"
  packages = ["."]
  revision = "04140366298a54a039076d798123ffa108fff46c"

[[projects]]
  name = "github.com/kelseyhightower/envconfig"
  packages = ["."]
  revision = "f611eb38b3875cc3bd991ca91c51d06446afa14c"
  version = "v1.3.0"

[[projects]]
  branch = "master"
  name = "github.com/lib/pq"
  packages = [
    ".",
    "hstore",
    "oid"
  ]
  revision = "90697d60dd844d5ef6ff15135d0203f65d2f53b8"

[[projects]]
  branch = "master"
  name = "github.com/rainycape/unidecode"
  packages = ["."]
  revision = "cb7f23ec59bec0d61b19c56cd88cee3d0cc1870c"

[[projects]]
  name = "github.com/satori/go.uuid"
  packages = ["."]
  revision = "f58768cc1a7a7e77a3bd49e98cdd21419399b6a3"
  version = "v1.2.0"

[[projects]]
  branch = "master"
  name = "golang.org/x/crypto"
  packages = ["ssh/terminal"]
  revision = "ab813273cd59e1333f7ae7bff5d027d4aadf528c"

[[projects]]
  branch = "master"
  name = "golang.org/x/sys"
  packages = [
    "unix",
    "windows"
  ]
  revision = "c11f84a56e43e20a78cee75a7c034031ecf57d1f"

[solve-meta]
  analyzer-name = "dep"
  analyzer-version = 1
  inputs-digest = "a5d99cc63096d4caca6aeea08b1d65ba762e1520f51aa9015171dde0abb11221"
  solver-name = "gps-cdcl"
  solver-version = 1
